
Microsoft Visual Studio Solution File, Format Version 12.00
# Visual Studio 14
VisualStudioVersion = 14.0.25420.1
MinimumVisualStudioVersion = 10.0.40219.1
Project("{FAE04EC0-301F-11D3-BF4B-00C04F79EFBC}") = "MTRF_Report", "MTRF_Report\MTRF_Report.csproj", "{7B17742B-1C62-4476-9371-4D1457CB68D7}"
EndProject
Global
	GlobalSection(SolutionConfigurationPlatforms) = preSolution
		Debug|Any CPU = Debug|Any CPU
		Release|Any CPU = Release|Any CPU
	EndGlobalSection
	GlobalSection(ProjectConfigurationPlatforms) = postSolution
		{7B17742B-1C62-4476-9371-4D1457CB68D7}.Debug|Any CPU.ActiveCfg = Debug|Any CPU
		{7B17742B-1C62-4476-9371-4D1457CB68D7}.Debug|Any CPU.Build.0 = Debug|Any CPU
		{7B17742B-1C62-4476-9371-4D1457CB68D7}.Release|Any CPU.ActiveCfg = Release|Any CPU
		{7B17742B-1C62-4476-9371-4D1457CB68D7}.Release|Any CPU.Build.0 = Release|Any CPU
	EndGlobalSection
	GlobalSection(SolutionProperties) = preSolution
		HideSolutionNode = FALSE
	EndGlobalSection
EndGlobal
